
Microsoft Visual Studio Solution File, Format Version 12.00
# Visual Studio 2012
Project("{FAE04EC0-301F-11D3-BF4B-00C04F79EFBC}") = "entidades.clase05", "entidades.clase05\entidades.clase05.csproj", "{8F571CC7-06D2-4C1D-8578-7582017CAE16}"
EndProject
Project("{FAE04EC0-301F-11D3-BF4B-00C04F79EFBC}") = "testsobrecarga.cs", "testsobrecarga.cs\testsobrecarga.cs.csproj", "{401E15D8-ED62-4F8C-B6DB-E84F5F2B4AFD}"
EndProject
Global
	GlobalSection(SolutionConfigurationPlatforms) = preSolution
		Debug|Any CPU = Debug|Any CPU
		Release|Any CPU = Release|Any CPU
	EndGlobalSection
	GlobalSection(ProjectConfigurationPlatforms) = postSolution
		{8F571CC7-06D2-4C1D-8578-7582017CAE16}.Debug|Any CPU.ActiveCfg = Debug|Any CPU
		{8F571CC7-06D2-4C1D-8578-7582017CAE16}.Debug|Any CPU.Build.0 = Debug|Any CPU
		{8F571CC7-06D2-4C1D-8578-7582017CAE16}.Release|Any CPU.ActiveCfg = Release|Any CPU
		{8F571CC7-06D2-4C1D-8578-7582017CAE16}.Release|Any CPU.Build.0 = Release|Any CPU
		{401E15D8-ED62-4F8C-B6DB-E84F5F2B4AFD}.Debug|Any CPU.ActiveCfg = Debug|Any CPU
		{401E15D8-ED62-4F8C-B6DB-E84F5F2B4AFD}.Debug|Any CPU.Build.0 = Debug|Any CPU
		{401E15D8-ED62-4F8C-B6DB-E84F5F2B4AFD}.Release|Any CPU.ActiveCfg = Release|Any CPU
		{401E15D8-ED62-4F8C-B6DB-E84F5F2B4AFD}.Release|Any CPU.Build.0 = Release|Any CPU
	EndGlobalSection
	GlobalSection(SolutionProperties) = preSolution
		HideSolutionNode = FALSE
	EndGlobalSection
EndGlobal
