
Microsoft Visual Studio Solution File, Format Version 12.00
# Visual Studio 2012
Project("{FAE04EC0-301F-11D3-BF4B-00C04F79EFBC}") = "proyectoconsola1", "proyectoconsola1\proyectoconsola1.csproj", "{97ECA9B8-D837-40B2-A835-DABD3E7707EA}"
EndProject
Global
	GlobalSection(SolutionConfigurationPlatforms) = preSolution
		Debug|Any CPU = Debug|Any CPU
		Release|Any CPU = Release|Any CPU
	EndGlobalSection
	GlobalSection(ProjectConfigurationPlatforms) = postSolution
		{97ECA9B8-D837-40B2-A835-DABD3E7707EA}.Debug|Any CPU.ActiveCfg = Debug|Any CPU
		{97ECA9B8-D837-40B2-A835-DABD3E7707EA}.Debug|Any CPU.Build.0 = Debug|Any CPU
		{97ECA9B8-D837-40B2-A835-DABD3E7707EA}.Release|Any CPU.ActiveCfg = Release|Any CPU
		{97ECA9B8-D837-40B2-A835-DABD3E7707EA}.Release|Any CPU.Build.0 = Release|Any CPU
	EndGlobalSection
	GlobalSection(SolutionProperties) = preSolution
		HideSolutionNode = FALSE
	EndGlobalSection
EndGlobal
